
Microsoft Visual Studio Solution File, Format Version 12.00
Project("{FAE04EC0-301F-11D3-BF4B-00C04F79EFBC}") = "Crawler", "Crawler\Crawler.csproj", "{377A6F57-C671-4D97-A170-01918340FD1A}"
EndProject
Global
	GlobalSection(SolutionConfigurationPlatforms) = preSolution
		Debug|Any CPU = Debug|Any CPU
		Release|Any CPU = Release|Any CPU
	EndGlobalSection
	GlobalSection(ProjectConfigurationPlatforms) = postSolution
		{377A6F57-C671-4D97-A170-01918340FD1A}.Debug|Any CPU.ActiveCfg = Debug|Any CPU
		{377A6F57-C671-4D97-A170-01918340FD1A}.Debug|Any CPU.Build.0 = Debug|Any CPU
		{377A6F57-C671-4D97-A170-01918340FD1A}.Release|Any CPU.ActiveCfg = Release|Any CPU
		{377A6F57-C671-4D97-A170-01918340FD1A}.Release|Any CPU.Build.0 = Release|Any CPU
	EndGlobalSection
EndGlobal
